
Microsoft Visual Studio Solution File, Format Version 12.00
# Visual Studio Version 16
VisualStudioVersion = 16.0.32929.386
MinimumVisualStudioVersion = 10.0.40219.1
Project("{FAE04EC0-301F-11D3-BF4B-00C04F79EFBC}") = "TaskMvcOne", "TaskMvcOne\TaskMvcOne.csproj", "{FEA61833-833C-424E-8E13-70DD339F68DA}"
EndProject
Global
	GlobalSection(SolutionConfigurationPlatforms) = preSolution
		Debug|Any CPU = Debug|Any CPU
		Release|Any CPU = Release|Any CPU
	EndGlobalSection
	GlobalSection(ProjectConfigurationPlatforms) = postSolution
		{FEA61833-833C-424E-8E13-70DD339F68DA}.Debug|Any CPU.ActiveCfg = Debug|Any CPU
		{FEA61833-833C-424E-8E13-70DD339F68DA}.Debug|Any CPU.Build.0 = Debug|Any CPU
		{FEA61833-833C-424E-8E13-70DD339F68DA}.Release|Any CPU.ActiveCfg = Release|Any CPU
		{FEA61833-833C-424E-8E13-70DD339F68DA}.Release|Any CPU.Build.0 = Release|Any CPU
	EndGlobalSection
	GlobalSection(SolutionProperties) = preSolution
		HideSolutionNode = FALSE
	EndGlobalSection
	GlobalSection(ExtensibilityGlobals) = postSolution
		SolutionGuid = {F2216066-155C-4166-91C9-837CEC58042E}
	EndGlobalSection
EndGlobal
